<?xml version="1.0" encoding="utf-8"?>
<Project ToolsVersion="4.0" xmlns="http://schemas.microsoft.com/developer/msbuild/2003">
  <ItemGroup>
    <Filter Include="Quelldateien">
      <UniqueIdentifier>{4FC737F1-C7A5-4376-A066-2A32D752A2FF}</UniqueIdentifier>
      <Extensions>cpp;c;cc;cxx;def;odl;idl;hpj;bat;asm;asmx</Extensions>
    </Filter>
    <Filter Include="Headerdateien">
      <UniqueIdentifier>{93995380-89BD-4b04-88EB-625FBE52EBFB}</UniqueIdentifier>
      <Extensions>h;hh;hpp;hxx;hm;inl;inc;ipp;xsd</Extensions>
    </Filter>
    <Filter Include="Ressourcendateien">
      <UniqueIdentifier>{67DA6AB6-F800-4c08-8B7A-83BB121AAD01}</UniqueIdentifier>
      <Extensions>rc;ico;cur;bmp;dlg;rc2;rct;bin;rgs;gif;jpg;jpeg;jpe;resx;tiff;tif;png;wav;mfcribbon-ms</Extensions>
    </Filter>
    <Filter Include="Headerdateien\Helper">
      <UniqueIdentifier>{94da5bed-4781-43c1-9db6-0adff7fe1703}</UniqueIdentifier>
    </Filter>
    <Filter Include="Headerdateien\Models">
      <UniqueIdentifier>{199b6e1b-73e1-43a1-b92a-4f3891a58d51}</UniqueIdentifier>
    </Filter>
    <Filter Include="Quelldateien\Model">
      <UniqueIdentifier>{39b60a07-8577-4db9-840d-c58e4bae48d4}</UniqueIdentifier>
    </Filter>
    <Filter Include="Maps">
      <UniqueIdentifier>{38c7f150-1751-4c3b-921f-49da5efe3359}</UniqueIdentifier>
    </Filter>
  </ItemGroup>
  <ItemGroup>
    <ClInclude Include="pch.h">
      <Filter>Headerdateien</Filter>
    </ClInclude>
    <ClInclude Include="TextBuffer.h">
      <Filter>Headerdateien</Filter>
    </ClInclude>
    <ClInclude Include="DirectionEnum.h">
      <Filter>Headerdateien</Filter>
    </ClInclude>
    <ClInclude Include="MillisecondsHelper.h">
      <Filter>Headerdateien\Helper</Filter>
    </ClInclude>
    <ClInclude Include="EnemyBase.h">
      <Filter>Headerdateien\Models</Filter>
    </ClInclude>
    <ClInclude Include="EnemyImmovable.h">
      <Filter>Headerdateien\Models</Filter>
    </ClInclude>
    <ClInclude Include="EnemyRandomMove.h">
      <Filter>Headerdateien\Models</Filter>
    </ClInclude>
    <ClInclude Include="EnemyWallRunner.h">
      <Filter>Headerdateien\Models</Filter>
    </ClInclude>
    <ClInclude Include="Figure.h">
      <Filter>Headerdateien\Models</Filter>
    </ClInclude>
    <ClInclude Include="Player.h">
      <Filter>Headerdateien\Models</Filter>
    </ClInclude>
    <ClInclude Include="Game.h">
      <Filter>Headerdateien</Filter>
    </ClInclude>
    <ClInclude Include="resource.h">
      <Filter>Headerdateien</Filter>
    </ClInclude>
    <ClInclude Include="MapReader.h">
      <Filter>Headerdateien\Helper</Filter>
    </ClInclude>
  </ItemGroup>
  <ItemGroup>
    <ClCompile Include="pch.cpp">
      <Filter>Quelldateien</Filter>
    </ClCompile>
    <ClCompile Include="ConsolenSpiel.cpp">
      <Filter>Quelldateien</Filter>
    </ClCompile>
    <ClCompile Include="TextBuffer.cpp">
      <Filter>Quelldateien</Filter>
    </ClCompile>
    <ClCompile Include="EnemyBase.cpp">
      <Filter>Quelldateien\Model</Filter>
    </ClCompile>
    <ClCompile Include="EnemyImmovable.cpp">
      <Filter>Quelldateien\Model</Filter>
    </ClCompile>
    <ClCompile Include="EnemyRandomMove.cpp">
      <Filter>Quelldateien\Model</Filter>
    </ClCompile>
    <ClCompile Include="EnemyWallRunner.cpp">
      <Filter>Quelldateien\Model</Filter>
    </ClCompile>
    <ClCompile Include="Figure.cpp">
      <Filter>Quelldateien\Model</Filter>
    </ClCompile>
    <ClCompile Include="Player.cpp">
      <Filter>Quelldateien\Model</Filter>
    </ClCompile>
    <ClCompile Include="Game.cpp">
      <Filter>Quelldateien</Filter>
    </ClCompile>
  </ItemGroup>
  <ItemGroup>
    <ResourceCompile Include="ConsolenSpiel.rc">
      <Filter>Ressourcendateien</Filter>
    </ResourceCompile>
  </ItemGroup>
  <ItemGroup>
    <Text Include="map1.txt">
      <Filter>Maps</Filter>
    </Text>
    <Text Include="map2.txt">
      <Filter>Maps</Filter>
    </Text>
    <Text Include="map3.txt">
      <Filter>Maps</Filter>
    </Text>
  </ItemGroup>
</Project>